
Microsoft Visual Studio Solution File, Format Version 12.00
# Visual Studio Version 16
VisualStudioVersion = 16.0.32428.217
MinimumVisualStudioVersion = 10.0.40219.1
Project("{D2ABAB84-BF74-430A-B69E-9DC6D40DDA17}") = "Mini-projet", "Mini-projet\Mini-projet.dwproj", "{0D7FB596-8125-4625-B4AB-760252703A27}"
EndProject
Global
	GlobalSection(SolutionConfigurationPlatforms) = preSolution
		Development|Default = Development|Default
	EndGlobalSection
	GlobalSection(ProjectConfigurationPlatforms) = postSolution
		{0D7FB596-8125-4625-B4AB-760252703A27}.Development|Default.ActiveCfg = Development
		{0D7FB596-8125-4625-B4AB-760252703A27}.Development|Default.Build.0 = Development
		{0D7FB596-8125-4625-B4AB-760252703A27}.Development|Default.Deploy.0 = Development
	EndGlobalSection
	GlobalSection(SolutionProperties) = preSolution
		HideSolutionNode = FALSE
	EndGlobalSection
	GlobalSection(ExtensibilityGlobals) = postSolution
		SolutionGuid = {B20DD122-D680-428C-9C7E-73B761BA9ABE}
	EndGlobalSection
EndGlobal
